{
  "name": "gofast-example",
  "version": "1.0.0",
  "lockfileVersion": 2,
  "requires": true,
  "packages": {
    "": {
      "name": "gofast-example",
      "version": "1.0.0",
      "license": "MIT",
      "dependencies": {
        "node-fastcgi": "^2.0.0"
      }
    },
    "node_modules/bufferlist": {
      "version": "0.1.0",
      "resolved": "https://registry.npmjs.org/bufferlist/-/bufferlist-0.1.0.tgz",
      "integrity": "sha512-cg77q4YhmxV+/e7WhrShHGyOgey0GowZwg0cfXKCz5v3wfx73pUyrsnLnGY7DQZnjhtvmAaSMrf045zuJpDGDg==",
      "engines": {
        "node": "*"
      }
    },
    "node_modules/fastcgi-stream": {
      "version": "1.0.0",
      "resolved": "https://registry.npmjs.org/fastcgi-stream/-/fastcgi-stream-1.0.0.tgz",
      "integrity": "sha512-esJ75qjKZmh+4lXuNCGqnNkMt2LW5aB6WVDkkVBRL/Igxr3uB+KJhIjSr4Cf875RJAXiJAQVK5B9PSdcRPg5Dg==",
      "dependencies": {
        "bufferlist": ">= 0.0.6"
      },
      "engines": {
        "node": ">= 0.10.0"
      }
    },
    "node_modules/node-fastcgi": {
      "version": "2.0.0",
      "resolved": "https://registry.npmjs.org/node-fastcgi/-/node-fastcgi-2.0.0.tgz",
      "integrity": "sha512-qNAM/237+gqEqqz8r/DBlMspOYPafVjVtaz5yKVGkTxhiI6QmVeEItzNLrGyFvSlLvzbFYBGiLxKAtfUI+L1JQ==",
      "dependencies": {
        "fastcgi-stream": "1.x"
      },
      "engines": {
        "node": ">= 14.0.0"
      }
    }
  },
  "dependencies": {
    "bufferlist": {
      "version": "0.1.0",
      "resolved": "https://registry.npmjs.org/bufferlist/-/bufferlist-0.1.0.tgz",
      "integrity": "sha512-cg77q4YhmxV+/e7WhrShHGyOgey0GowZwg0cfXKCz5v3wfx73pUyrsnLnGY7DQZnjhtvmAaSMrf045zuJpDGDg=="
    },
    "fastcgi-stream": {
      "version": "1.0.0",
      "resolved": "https://registry.npmjs.org/fastcgi-stream/-/fastcgi-stream-1.0.0.tgz",
      "integrity": "sha512-esJ75qjKZmh+4lXuNCGqnNkMt2LW5aB6WVDkkVBRL/Igxr3uB+KJhIjSr4Cf875RJAXiJAQVK5B9PSdcRPg5Dg==",
      "requires": {
        "bufferlist": ">= 0.0.6"
      }
    },
    "node-fastcgi": {
      "version": "2.0.0",
      "resolved": "https://registry.npmjs.org/node-fastcgi/-/node-fastcgi-2.0.0.tgz",
      "integrity": "sha512-qNAM/237+gqEqqz8r/DBlMspOYPafVjVtaz5yKVGkTxhiI6QmVeEItzNLrGyFvSlLvzbFYBGiLxKAtfUI+L1JQ==",
      "requires": {
        "fastcgi-stream": "1.x"
      }
    }
  }
}
